
Microsoft Visual Studio Solution File, Format Version 12.00
# Visual Studio Version 17
VisualStudioVersion = 17.9.34714.143
MinimumVisualStudioVersion = 10.0.40219.1
Project("{9A19103F-16F7-4668-BE54-9A1E7A4F7556}") = "OdemeSistemleri", "OdemeSistemleri\OdemeSistemleri.csproj", "{1EBFC5FF-9598-4DF4-8882-7DC31E370258}"
EndProject
Project("{FAE04EC0-301F-11D3-BF4B-00C04F79EFBC}") = "DAL", "DAL\DAL.csproj", "{0ECEAC9D-480E-4520-A858-88716029922B}"
EndProject
Project("{FAE04EC0-301F-11D3-BF4B-00C04F79EFBC}") = "BL", "BL\BL.csproj", "{F2B22F96-7D57-4F61-A6BC-D661E265E1D4}"
EndProject
Project("{FAE04EC0-301F-11D3-BF4B-00C04F79EFBC}") = "EL", "EL\EL.csproj", "{DD3A1AB5-7FAC-4BB9-A8E2-0FEF4E56ACA6}"
EndProject
Global
	GlobalSection(SolutionConfigurationPlatforms) = preSolution
		Debug|Any CPU = Debug|Any CPU
		Release|Any CPU = Release|Any CPU
	EndGlobalSection
	GlobalSection(ProjectConfigurationPlatforms) = postSolution
		{1EBFC5FF-9598-4DF4-8882-7DC31E370258}.Debug|Any CPU.ActiveCfg = Debug|Any CPU
		{1EBFC5FF-9598-4DF4-8882-7DC31E370258}.Debug|Any CPU.Build.0 = Debug|Any CPU
		{1EBFC5FF-9598-4DF4-8882-7DC31E370258}.Release|Any CPU.ActiveCfg = Release|Any CPU
		{1EBFC5FF-9598-4DF4-8882-7DC31E370258}.Release|Any CPU.Build.0 = Release|Any CPU
		{0ECEAC9D-480E-4520-A858-88716029922B}.Debug|Any CPU.ActiveCfg = Debug|Any CPU
		{0ECEAC9D-480E-4520-A858-88716029922B}.Debug|Any CPU.Build.0 = Debug|Any CPU
		{0ECEAC9D-480E-4520-A858-88716029922B}.Release|Any CPU.ActiveCfg = Release|Any CPU
		{0ECEAC9D-480E-4520-A858-88716029922B}.Release|Any CPU.Build.0 = Release|Any CPU
		{F2B22F96-7D57-4F61-A6BC-D661E265E1D4}.Debug|Any CPU.ActiveCfg = Debug|Any CPU
		{F2B22F96-7D57-4F61-A6BC-D661E265E1D4}.Debug|Any CPU.Build.0 = Debug|Any CPU
		{F2B22F96-7D57-4F61-A6BC-D661E265E1D4}.Release|Any CPU.ActiveCfg = Release|Any CPU
		{F2B22F96-7D57-4F61-A6BC-D661E265E1D4}.Release|Any CPU.Build.0 = Release|Any CPU
		{DD3A1AB5-7FAC-4BB9-A8E2-0FEF4E56ACA6}.Debug|Any CPU.ActiveCfg = Debug|Any CPU
		{DD3A1AB5-7FAC-4BB9-A8E2-0FEF4E56ACA6}.Debug|Any CPU.Build.0 = Debug|Any CPU
		{DD3A1AB5-7FAC-4BB9-A8E2-0FEF4E56ACA6}.Release|Any CPU.ActiveCfg = Release|Any CPU
		{DD3A1AB5-7FAC-4BB9-A8E2-0FEF4E56ACA6}.Release|Any CPU.Build.0 = Release|Any CPU
	EndGlobalSection
	GlobalSection(SolutionProperties) = preSolution
		HideSolutionNode = FALSE
	EndGlobalSection
	GlobalSection(ExtensibilityGlobals) = postSolution
		SolutionGuid = {AFBE7701-430C-43DB-B77D-A10E73BF0BA9}
	EndGlobalSection
EndGlobal
